
Microsoft Visual Studio Solution File, Format Version 12.00
# Visual Studio Version 17
VisualStudioVersion = 17.1.32210.238
MinimumVisualStudioVersion = 10.0.40219.1
Project("{9A19103F-16F7-4668-BE54-9A1E7A4F7556}") = "MyArt.Domain", "MyArt.Domain\MyArt.Domain.csproj", "{C709B81B-64E2-47F7-B62C-DB88A45B9973}"
EndProject
Project("{9A19103F-16F7-4668-BE54-9A1E7A4F7556}") = "MyArt.DataAccess", "MyArt.DataAccess\MyArt.DataAccess.csproj", "{CFED309F-D621-486D-A795-97076ED23D02}"
EndProject
Project("{9A19103F-16F7-4668-BE54-9A1E7A4F7556}") = "MyArt.BusinessLogic", "MyArt.BusinessLogic\MyArt.BusinessLogic.csproj", "{4A6C58A7-0AF2-4E84-BF9B-2C9ADDCD442D}"
EndProject
Project("{9A19103F-16F7-4668-BE54-9A1E7A4F7556}") = "MyArt.API", "MyArt.API\MyArt.API.csproj", "{C984F6F6-2328-4857-A779-2F3EB65066EE}"
EndProject
Project("{FAE04EC0-301F-11D3-BF4B-00C04F79EFBC}") = "MyArt.API.ViewModels", "MyArt.API.ViewModels\MyArt.API.ViewModels.csproj", "{DFAB13DA-E44D-4A41-993B-76CEEC291E24}"
EndProject
Global
	GlobalSection(SolutionConfigurationPlatforms) = preSolution
		Debug|Any CPU = Debug|Any CPU
		Release|Any CPU = Release|Any CPU
	EndGlobalSection
	GlobalSection(ProjectConfigurationPlatforms) = postSolution
		{C709B81B-64E2-47F7-B62C-DB88A45B9973}.Debug|Any CPU.ActiveCfg = Debug|Any CPU
		{C709B81B-64E2-47F7-B62C-DB88A45B9973}.Debug|Any CPU.Build.0 = Debug|Any CPU
		{C709B81B-64E2-47F7-B62C-DB88A45B9973}.Release|Any CPU.ActiveCfg = Release|Any CPU
		{C709B81B-64E2-47F7-B62C-DB88A45B9973}.Release|Any CPU.Build.0 = Release|Any CPU
		{CFED309F-D621-486D-A795-97076ED23D02}.Debug|Any CPU.ActiveCfg = Debug|Any CPU
		{CFED309F-D621-486D-A795-97076ED23D02}.Debug|Any CPU.Build.0 = Debug|Any CPU
		{CFED309F-D621-486D-A795-97076ED23D02}.Release|Any CPU.ActiveCfg = Release|Any CPU
		{CFED309F-D621-486D-A795-97076ED23D02}.Release|Any CPU.Build.0 = Release|Any CPU
		{4A6C58A7-0AF2-4E84-BF9B-2C9ADDCD442D}.Debug|Any CPU.ActiveCfg = Debug|Any CPU
		{4A6C58A7-0AF2-4E84-BF9B-2C9ADDCD442D}.Debug|Any CPU.Build.0 = Debug|Any CPU
		{4A6C58A7-0AF2-4E84-BF9B-2C9ADDCD442D}.Release|Any CPU.ActiveCfg = Release|Any CPU
		{4A6C58A7-0AF2-4E84-BF9B-2C9ADDCD442D}.Release|Any CPU.Build.0 = Release|Any CPU
		{C984F6F6-2328-4857-A779-2F3EB65066EE}.Debug|Any CPU.ActiveCfg = Debug|Any CPU
		{C984F6F6-2328-4857-A779-2F3EB65066EE}.Debug|Any CPU.Build.0 = Debug|Any CPU
		{C984F6F6-2328-4857-A779-2F3EB65066EE}.Release|Any CPU.ActiveCfg = Release|Any CPU
		{C984F6F6-2328-4857-A779-2F3EB65066EE}.Release|Any CPU.Build.0 = Release|Any CPU
		{DFAB13DA-E44D-4A41-993B-76CEEC291E24}.Debug|Any CPU.ActiveCfg = Debug|Any CPU
		{DFAB13DA-E44D-4A41-993B-76CEEC291E24}.Debug|Any CPU.Build.0 = Debug|Any CPU
		{DFAB13DA-E44D-4A41-993B-76CEEC291E24}.Release|Any CPU.ActiveCfg = Release|Any CPU
		{DFAB13DA-E44D-4A41-993B-76CEEC291E24}.Release|Any CPU.Build.0 = Release|Any CPU
	EndGlobalSection
	GlobalSection(SolutionProperties) = preSolution
		HideSolutionNode = FALSE
	EndGlobalSection
	GlobalSection(ExtensibilityGlobals) = postSolution
		SolutionGuid = {7714D0DC-18BC-4B40-978E-B29B95C3BAB0}
	EndGlobalSection
EndGlobal
